// !$*UTF8*$!
{
	archiveVersion = 1;
	classes = {
	};
	objectVersion = 46;
	objects = {

/* Begin PBXBuildFile section */
		4334AA831CB1B36A007F96D1 /* AllKanjiBezierPath.h in Headers */ = {isa = PBXBuildFile; fileRef = 4334AA821CB1B36A007F96D1 /* AllKanjiBezierPath.h */; settings = {ATTRIBUTES = (Public, ); }; };
		4334AA8A1CB1B36B007F96D1 /* AllKanjiBezierPath.framework in Frameworks */ = {isa = PBXBuildFile; fileRef = 4334AA7F1CB1B36A007F96D1 /* AllKanjiBezierPath.framework */; };
		4334AA8F1CB1B36B007F96D1 /* AllKanjiBezierPathTests.swift in Sources */ = {isa = PBXBuildFile; fileRef = 4334AA8E1CB1B36B007F96D1 /* AllKanjiBezierPathTests.swift */; };
		4334AA9A1CB1B3A9007F96D1 /* kanjDB.db in Resources */ = {isa = PBXBuildFile; fileRef = 4334AA991CB1B3A9007F96D1 /* kanjDB.db */; };
		4334AA9C1CB1B3B6007F96D1 /* AllKanjiHelper.swift in Sources */ = {isa = PBXBuildFile; fileRef = 4334AA9B1CB1B3B6007F96D1 /* AllKanjiHelper.swift */; };
		4334AB2C1CB1BF35007F96D1 /* AllKanjiBezierPath.framework in Frameworks */ = {isa = PBXBuildFile; fileRef = 4334AB221CB1BF35007F96D1 /* AllKanjiBezierPath.framework */; };
		4334AB391CB1BF74007F96D1 /* AllKanjiHelper.swift in Sources */ = {isa = PBXBuildFile; fileRef = 4334AA9B1CB1B3B6007F96D1 /* AllKanjiHelper.swift */; };
		4334AB3A1CB1BF74007F96D1 /* kanjDB.db in Resources */ = {isa = PBXBuildFile; fileRef = 4334AA991CB1B3A9007F96D1 /* kanjDB.db */; };
		4334AB3B1CB1BF79007F96D1 /* AllKanjiBezierPathTests.swift in Sources */ = {isa = PBXBuildFile; fileRef = 4334AA8E1CB1B36B007F96D1 /* AllKanjiBezierPathTests.swift */; };
		4334AB6D1CB23D66007F96D1 /* AllKanjiBezierPath.framework in Frameworks */ = {isa = PBXBuildFile; fileRef = 4334AB631CB23D65007F96D1 /* AllKanjiBezierPath.framework */; };
		4334AB7B1CB23D98007F96D1 /* AllKanjiBezierPathTests.swift in Sources */ = {isa = PBXBuildFile; fileRef = 4334AA8E1CB1B36B007F96D1 /* AllKanjiBezierPathTests.swift */; };
		4334AB7C1CB23D9E007F96D1 /* AllKanjiHelper.swift in Sources */ = {isa = PBXBuildFile; fileRef = 4334AA9B1CB1B3B6007F96D1 /* AllKanjiHelper.swift */; };
		4334AB7D1CB23D9E007F96D1 /* kanjDB.db in Resources */ = {isa = PBXBuildFile; fileRef = 4334AA991CB1B3A9007F96D1 /* kanjDB.db */; };
		4334AC331CB24550007F96D1 /* AllKanjiBezierPath-TVOS.h in Headers */ = {isa = PBXBuildFile; fileRef = 4334AC301CB2450D007F96D1 /* AllKanjiBezierPath-TVOS.h */; settings = {ATTRIBUTES = (Public, ); }; };
		4334AC341CB24556007F96D1 /* AllKanjiBezierPath-OSX.h in Headers */ = {isa = PBXBuildFile; fileRef = 4334AC2F1CB2450D007F96D1 /* AllKanjiBezierPath-OSX.h */; settings = {ATTRIBUTES = (Public, ); }; };
/* End PBXBuildFile section */

/* Begin PBXContainerItemProxy section */
		4334AA8B1CB1B36B007F96D1 /* PBXContainerItemProxy */ = {
			isa = PBXContainerItemProxy;
			containerPortal = 4334AA761CB1B36A007F96D1 /* Project object */;
			proxyType = 1;
			remoteGlobalIDString = 4334AA7E1CB1B36A007F96D1;
			remoteInfo = AllKanjiBezierPath;
		};
		4334AB2D1CB1BF35007F96D1 /* PBXContainerItemProxy */ = {
			isa = PBXContainerItemProxy;
			containerPortal = 4334AA761CB1B36A007F96D1 /* Project object */;
			proxyType = 1;
			remoteGlobalIDString = 4334AB211CB1BF35007F96D1;
			remoteInfo = "AllKanjiBezierPath-OSX";
		};
		4334AB6E1CB23D66007F96D1 /* PBXContainerItemProxy */ = {
			isa = PBXContainerItemProxy;
			containerPortal = 4334AA761CB1B36A007F96D1 /* Project object */;
			proxyType = 1;
			remoteGlobalIDString = 4334AB621CB23D65007F96D1;
			remoteInfo = "AllKanjiBezierPath-TVOS";
		};
		4334ACDE1CB24BC8007F96D1 /* PBXContainerItemProxy */ = {
			isa = PBXContainerItemProxy;
			containerPortal = 4334AC861CB24BC8007F96D1 /* SQLite.xcodeproj */;
			proxyType = 2;
			remoteGlobalIDString = EE247AD31C3F04ED00AE3E12;
			remoteInfo = "SQLite iOS";
		};
		4334ACE01CB24BC8007F96D1 /* PBXContainerItemProxy */ = {
			isa = PBXContainerItemProxy;
			containerPortal = 4334AC861CB24BC8007F96D1 /* SQLite.xcodeproj */;
			proxyType = 2;
			remoteGlobalIDString = EE247ADD1C3F04ED00AE3E12;
			remoteInfo = "SQLiteTests iOS";
		};
		4334ACE21CB24BC8007F96D1 /* PBXContainerItemProxy */ = {
			isa = PBXContainerItemProxy;
			containerPortal = 4334AC861CB24BC8007F96D1 /* SQLite.xcodeproj */;
			proxyType = 2;
			remoteGlobalIDString = EE247B3C1C3F3ED000AE3E12;
			remoteInfo = "SQLite Mac";
		};
		4334ACE41CB24BC8007F96D1 /* PBXContainerItemProxy */ = {
			isa = PBXContainerItemProxy;
			containerPortal = 4334AC861CB24BC8007F96D1 /* SQLite.xcodeproj */;
			proxyType = 2;
			remoteGlobalIDString = EE247B451C3F3ED000AE3E12;
			remoteInfo = "SQLiteTests Mac";
		};
		4334ACE61CB24BC8007F96D1 /* PBXContainerItemProxy */ = {
			isa = PBXContainerItemProxy;
			containerPortal = 4334AC861CB24BC8007F96D1 /* SQLite.xcodeproj */;
			proxyType = 2;
			remoteGlobalIDString = 03A65E5A1C6BB0F50062603F;
			remoteInfo = "SQLite tvOS";
		};
		4334ACE81CB24BC8007F96D1 /* PBXContainerItemProxy */ = {
			isa = PBXContainerItemProxy;
			containerPortal = 4334AC861CB24BC8007F96D1 /* SQLite.xcodeproj */;
			proxyType = 2;
			remoteGlobalIDString = 03A65E631C6BB0F60062603F;
			remoteInfo = "SQLiteTests tvOS";
		};
		4334ACEA1CB24BC8007F96D1 /* PBXContainerItemProxy */ = {
			isa = PBXContainerItemProxy;
			containerPortal = 4334AC861CB24BC8007F96D1 /* SQLite.xcodeproj */;
			proxyType = 2;
			remoteGlobalIDString = A121AC451CA35C79005A31D1;
			remoteInfo = "SQLite watchOS";
		};
/* End PBXContainerItemProxy section */

/* Begin PBXFileReference section */
		4334AA7F1CB1B36A007F96D1 /* AllKanjiBezierPath.framework */ = {isa = PBXFileReference; explicitFileType = wrapper.framework; includeInIndex = 0; path = AllKanjiBezierPath.framework; sourceTree = BUILT_PRODUCTS_DIR; };
		4334AA821CB1B36A007F96D1 /* AllKanjiBezierPath.h */ = {isa = PBXFileReference; lastKnownFileType = sourcecode.c.h; path = AllKanjiBezierPath.h; sourceTree = "<group>"; };
		4334AA841CB1B36B007F96D1 /* Info.plist */ = {isa = PBXFileReference; lastKnownFileType = text.plist.xml; path = Info.plist; sourceTree = "<group>"; };
		4334AA891CB1B36B007F96D1 /* AllKanjiBezierPathTests.xctest */ = {isa = PBXFileReference; explicitFileType = wrapper.cfbundle; includeInIndex = 0; path = AllKanjiBezierPathTests.xctest; sourceTree = BUILT_PRODUCTS_DIR; };
		4334AA8E1CB1B36B007F96D1 /* AllKanjiBezierPathTests.swift */ = {isa = PBXFileReference; lastKnownFileType = sourcecode.swift; path = AllKanjiBezierPathTests.swift; sourceTree = "<group>"; };
		4334AA901CB1B36B007F96D1 /* Info.plist */ = {isa = PBXFileReference; lastKnownFileType = text.plist.xml; path = Info.plist; sourceTree = "<group>"; };
		4334AA991CB1B3A9007F96D1 /* kanjDB.db */ = {isa = PBXFileReference; lastKnownFileType = file; path = kanjDB.db; sourceTree = "<group>"; };
		4334AA9B1CB1B3B6007F96D1 /* AllKanjiHelper.swift */ = {isa = PBXFileReference; fileEncoding = 4; lastKnownFileType = sourcecode.swift; path = AllKanjiHelper.swift; sourceTree = "<group>"; };
		4334AAA01CB1B5B4007F96D1 /* 079DD56B-3ED2-3B04-B7F8-4BB1CA898C52.bcsymbolmap */ = {isa = PBXFileReference; lastKnownFileType = text; path = "079DD56B-3ED2-3B04-B7F8-4BB1CA898C52.bcsymbolmap"; sourceTree = "<group>"; };
		4334AAA11CB1B5B4007F96D1 /* 93236D11-03BC-3D32-BAEA-9A403048BA3F.bcsymbolmap */ = {isa = PBXFileReference; lastKnownFileType = text; path = "93236D11-03BC-3D32-BAEA-9A403048BA3F.bcsymbolmap"; sourceTree = "<group>"; };
		4334AAA21CB1B5B4007F96D1 /* SQLite.framework */ = {isa = PBXFileReference; lastKnownFileType = wrapper.framework; path = SQLite.framework; sourceTree = "<group>"; };
		4334AAA31CB1B5B4007F96D1 /* SQLite.framework.dSYM */ = {isa = PBXFileReference; lastKnownFileType = wrapper.dsym; path = SQLite.framework.dSYM; sourceTree = "<group>"; };
		4334AAA51CB1B5B4007F96D1 /* SQLite.framework */ = {isa = PBXFileReference; lastKnownFileType = wrapper.framework; path = SQLite.framework; sourceTree = "<group>"; };
		4334AAA61CB1B5B4007F96D1 /* SQLite.framework.dSYM */ = {isa = PBXFileReference; lastKnownFileType = wrapper.dsym; path = SQLite.framework.dSYM; sourceTree = "<group>"; };
		4334AAA81CB1B5B4007F96D1 /* D58C9716-A009-33FB-8DEB-30397E289445.bcsymbolmap */ = {isa = PBXFileReference; lastKnownFileType = text; path = "D58C9716-A009-33FB-8DEB-30397E289445.bcsymbolmap"; sourceTree = "<group>"; };
		4334AAA91CB1B5B4007F96D1 /* SQLite.framework */ = {isa = PBXFileReference; lastKnownFileType = wrapper.framework; path = SQLite.framework; sourceTree = "<group>"; };
		4334AAAA1CB1B5B4007F96D1 /* SQLite.framework.dSYM */ = {isa = PBXFileReference; lastKnownFileType = wrapper.dsym; path = SQLite.framework.dSYM; sourceTree = "<group>"; };
		4334AB221CB1BF35007F96D1 /* AllKanjiBezierPath.framework */ = {isa = PBXFileReference; explicitFileType = wrapper.framework; includeInIndex = 0; path = AllKanjiBezierPath.framework; sourceTree = BUILT_PRODUCTS_DIR; };
		4334AB261CB1BF35007F96D1 /* Info.plist */ = {isa = PBXFileReference; lastKnownFileType = text.plist.xml; path = Info.plist; sourceTree = "<group>"; };
		4334AB2B1CB1BF35007F96D1 /* AllKanjiBezierPath-OSXTests.xctest */ = {isa = PBXFileReference; explicitFileType = wrapper.cfbundle; includeInIndex = 0; path = "AllKanjiBezierPath-OSXTests.xctest"; sourceTree = BUILT_PRODUCTS_DIR; };
		4334AB321CB1BF35007F96D1 /* Info.plist */ = {isa = PBXFileReference; lastKnownFileType = text.plist.xml; path = Info.plist; sourceTree = "<group>"; };
		4334AB471CB1C3C4007F96D1 /* Info.plist */ = {isa = PBXFileReference; lastKnownFileType = text.plist.xml; path = Info.plist; sourceTree = "<group>"; };
		4334AB531CB1C3C4007F96D1 /* Info.plist */ = {isa = PBXFileReference; lastKnownFileType = text.plist.xml; path = Info.plist; sourceTree = "<group>"; };
		4334AB631CB23D65007F96D1 /* AllKanjiBezierPath.framework */ = {isa = PBXFileReference; explicitFileType = wrapper.framework; includeInIndex = 0; path = AllKanjiBezierPath.framework; sourceTree = BUILT_PRODUCTS_DIR; };
		4334AB651CB23D66007F96D1 /* AllKanjiBezierPath-TVOS.h */ = {isa = PBXFileReference; lastKnownFileType = sourcecode.c.h; path = "AllKanjiBezierPath-TVOS.h"; sourceTree = "<group>"; };
		4334AB671CB23D66007F96D1 /* Info.plist */ = {isa = PBXFileReference; lastKnownFileType = text.plist.xml; path = Info.plist; sourceTree = "<group>"; };
		4334AB6C1CB23D66007F96D1 /* AllKanjiBezierPath-TVOSTests.xctest */ = {isa = PBXFileReference; explicitFileType = wrapper.cfbundle; includeInIndex = 0; path = "AllKanjiBezierPath-TVOSTests.xctest"; sourceTree = BUILT_PRODUCTS_DIR; };
		4334AB731CB23D66007F96D1 /* Info.plist */ = {isa = PBXFileReference; lastKnownFileType = text.plist.xml; path = Info.plist; sourceTree = "<group>"; };
		4334AC2F1CB2450D007F96D1 /* AllKanjiBezierPath-OSX.h */ = {isa = PBXFileReference; fileEncoding = 4; lastKnownFileType = sourcecode.c.h; path = "AllKanjiBezierPath-OSX.h"; sourceTree = "<group>"; };
		4334AC301CB2450D007F96D1 /* AllKanjiBezierPath-TVOS.h */ = {isa = PBXFileReference; fileEncoding = 4; lastKnownFileType = sourcecode.c.h; path = "AllKanjiBezierPath-TVOS.h"; sourceTree = "<group>"; };
		4334AC3E1CB24BC8007F96D1 /* .gitignore */ = {isa = PBXFileReference; fileEncoding = 4; lastKnownFileType = text; path = .gitignore; sourceTree = "<group>"; };
		4334AC3F1CB24BC8007F96D1 /* .gitmodules */ = {isa = PBXFileReference; fileEncoding = 4; lastKnownFileType = text; path = .gitmodules; sourceTree = "<group>"; };
		4334AC401CB24BC8007F96D1 /* .travis.yml */ = {isa = PBXFileReference; fileEncoding = 4; lastKnownFileType = text; path = .travis.yml; sourceTree = "<group>"; };
		4334AC441CB24BC8007F96D1 /* 079DD56B-3ED2-3B04-B7F8-4BB1CA898C52.bcsymbolmap */ = {isa = PBXFileReference; fileEncoding = 4; lastKnownFileType = text; path = "079DD56B-3ED2-3B04-B7F8-4BB1CA898C52.bcsymbolmap"; sourceTree = "<group>"; };
		4334AC451CB24BC8007F96D1 /* 93236D11-03BC-3D32-BAEA-9A403048BA3F.bcsymbolmap */ = {isa = PBXFileReference; fileEncoding = 4; lastKnownFileType = text; path = "93236D11-03BC-3D32-BAEA-9A403048BA3F.bcsymbolmap"; sourceTree = "<group>"; };
		4334AC461CB24BC8007F96D1 /* SQLite.framework */ = {isa = PBXFileReference; lastKnownFileType = wrapper.framework; path = SQLite.framework; sourceTree = "<group>"; };
		4334AC471CB24BC8007F96D1 /* SQLite.framework.dSYM */ = {isa = PBXFileReference; lastKnownFileType = wrapper.dsym; path = SQLite.framework.dSYM; sourceTree = "<group>"; };
		4334AC491CB24BC8007F96D1 /* AllKanjiBezierPath.framework */ = {isa = PBXFileReference; lastKnownFileType = wrapper.framework; path = AllKanjiBezierPath.framework; sourceTree = "<group>"; };
		4334AC4A1CB24BC8007F96D1 /* AllKanjiBezierPath.framework.dSYM */ = {isa = PBXFileReference; lastKnownFileType = wrapper.dsym; path = AllKanjiBezierPath.framework.dSYM; sourceTree = "<group>"; };
		4334AC4B1CB24BC8007F96D1 /* SQLite.framework */ = {isa = PBXFileReference; lastKnownFileType = wrapper.framework; path = SQLite.framework; sourceTree = "<group>"; };
		4334AC4C1CB24BC8007F96D1 /* SQLite.framework.dSYM */ = {isa = PBXFileReference; lastKnownFileType = wrapper.dsym; path = SQLite.framework.dSYM; sourceTree = "<group>"; };
		4334AC4E1CB24BC8007F96D1 /* D58C9716-A009-33FB-8DEB-30397E289445.bcsymbolmap */ = {isa = PBXFileReference; fileEncoding = 4; lastKnownFileType = text; path = "D58C9716-A009-33FB-8DEB-30397E289445.bcsymbolmap"; sourceTree = "<group>"; };
		4334AC4F1CB24BC8007F96D1 /* SQLite.framework */ = {isa = PBXFileReference; lastKnownFileType = wrapper.framework; path = SQLite.framework; sourceTree = "<group>"; };
		4334AC501CB24BC8007F96D1 /* SQLite.framework.dSYM */ = {isa = PBXFileReference; lastKnownFileType = wrapper.dsym; path = SQLite.framework.dSYM; sourceTree = "<group>"; };
		4334AC531CB24BC8007F96D1 /* module.modulemap */ = {isa = PBXFileReference; fileEncoding = 4; lastKnownFileType = "sourcecode.module-map"; path = module.modulemap; sourceTree = "<group>"; };
		4334AC551CB24BC8007F96D1 /* module.modulemap */ = {isa = PBXFileReference; fileEncoding = 4; lastKnownFileType = "sourcecode.module-map"; path = module.modulemap; sourceTree = "<group>"; };
		4334AC571CB24BC8007F96D1 /* module.modulemap */ = {isa = PBXFileReference; fileEncoding = 4; lastKnownFileType = "sourcecode.module-map"; path = module.modulemap; sourceTree = "<group>"; };
		4334AC591CB24BC8007F96D1 /* module.modulemap */ = {isa = PBXFileReference; fileEncoding = 4; lastKnownFileType = "sourcecode.module-map"; path = module.modulemap; sourceTree = "<group>"; };
		4334AC5B1CB24BC8007F96D1 /* module.modulemap */ = {isa = PBXFileReference; fileEncoding = 4; lastKnownFileType = "sourcecode.module-map"; path = module.modulemap; sourceTree = "<group>"; };
		4334AC5D1CB24BC8007F96D1 /* module.modulemap */ = {isa = PBXFileReference; fileEncoding = 4; lastKnownFileType = "sourcecode.module-map"; path = module.modulemap; sourceTree = "<group>"; };
		4334AC5F1CB24BC8007F96D1 /* module.modulemap */ = {isa = PBXFileReference; fileEncoding = 4; lastKnownFileType = "sourcecode.module-map"; path = module.modulemap; sourceTree = "<group>"; };
		4334AC601CB24BC8007F96D1 /* CONTRIBUTING.md */ = {isa = PBXFileReference; fileEncoding = 4; lastKnownFileType = net.daringfireball.markdown; path = CONTRIBUTING.md; sourceTree = "<group>"; };
		4334AC621CB24BC8007F96D1 /* Index.md */ = {isa = PBXFileReference; fileEncoding = 4; lastKnownFileType = net.daringfireball.markdown; path = Index.md; sourceTree = "<group>"; };
		4334AC631CB24BC8007F96D1 /* Planning.md */ = {isa = PBXFileReference; fileEncoding = 4; lastKnownFileType = net.daringfireball.markdown; path = Planning.md; sourceTree = "<group>"; };
		4334AC651CB24BC8007F96D1 /* installation@2x.png */ = {isa = PBXFileReference; lastKnownFileType = image.png; path = "installation@2x.png"; sourceTree = "<group>"; };
		4334AC661CB24BC8007F96D1 /* playground@2x.png */ = {isa = PBXFileReference; lastKnownFileType = image.png; path = "playground@2x.png"; sourceTree = "<group>"; };
		4334AC671CB24BC8007F96D1 /* LICENSE.txt */ = {isa = PBXFileReference; fileEncoding = 4; lastKnownFileType = text; path = LICENSE.txt; sourceTree = "<group>"; };
		4334AC681CB24BC8007F96D1 /* Makefile */ = {isa = PBXFileReference; fileEncoding = 4; lastKnownFileType = sourcecode.make; path = Makefile; sourceTree = "<group>"; };
		4334AC691CB24BC8007F96D1 /* README.md */ = {isa = PBXFileReference; fileEncoding = 4; lastKnownFileType = net.daringfireball.markdown; path = README.md; sourceTree = "<group>"; };
		4334AC6C1CB24BC8007F96D1 /* Blob.swift */ = {isa = PBXFileReference; fileEncoding = 4; lastKnownFileType = sourcecode.swift; path = Blob.swift; sourceTree = "<group>"; };
		4334AC6D1CB24BC8007F96D1 /* Connection.swift */ = {isa = PBXFileReference; fileEncoding = 4; lastKnownFileType = sourcecode.swift; path = Connection.swift; sourceTree = "<group>"; };
		4334AC6E1CB24BC8007F96D1 /* fts3_tokenizer.h */ = {isa = PBXFileReference; fileEncoding = 4; lastKnownFileType = sourcecode.c.h; path = fts3_tokenizer.h; sourceTree = "<group>"; };
		4334AC6F1CB24BC8007F96D1 /* SQLite-Bridging.h */ = {isa = PBXFileReference; fileEncoding = 4; lastKnownFileType = sourcecode.c.h; path = "SQLite-Bridging.h"; sourceTree = "<group>"; };
		4334AC701CB24BC8007F96D1 /* SQLite-Bridging.m */ = {isa = PBXFileReference; fileEncoding = 4; lastKnownFileType = sourcecode.c.objc; path = "SQLite-Bridging.m"; sourceTree = "<group>"; };
		4334AC711CB24BC8007F96D1 /* Statement.swift */ = {isa = PBXFileReference; fileEncoding = 4; lastKnownFileType = sourcecode.swift; path = Statement.swift; sourceTree = "<group>"; };
		4334AC721CB24BC8007F96D1 /* Value.swift */ = {isa = PBXFileReference; fileEncoding = 4; lastKnownFileType = sourcecode.swift; path = Value.swift; sourceTree = "<group>"; };
		4334AC741CB24BC8007F96D1 /* FTS4.swift */ = {isa = PBXFileReference; fileEncoding = 4; lastKnownFileType = sourcecode.swift; path = FTS4.swift; sourceTree = "<group>"; };
		4334AC751CB24BC8007F96D1 /* R*Tree.swift */ = {isa = PBXFileReference; fileEncoding = 4; lastKnownFileType = sourcecode.swift; path = "R*Tree.swift"; sourceTree = "<group>"; };
		4334AC761CB24BC8007F96D1 /* Foundation.swift */ = {isa = PBXFileReference; fileEncoding = 4; lastKnownFileType = sourcecode.swift; path = Foundation.swift; sourceTree = "<group>"; };
		4334AC771CB24BC8007F96D1 /* Helpers.swift */ = {isa = PBXFileReference; fileEncoding = 4; lastKnownFileType = sourcecode.swift; path = Helpers.swift; sourceTree = "<group>"; };
		4334AC781CB24BC8007F96D1 /* Info.plist */ = {isa = PBXFileReference; fileEncoding = 4; lastKnownFileType = text.plist.xml; path = Info.plist; sourceTree = "<group>"; };
		4334AC791CB24BC8007F96D1 /* SQLite.h */ = {isa = PBXFileReference; fileEncoding = 4; lastKnownFileType = sourcecode.c.h; path = SQLite.h; sourceTree = "<group>"; };
		4334AC7B1CB24BC8007F96D1 /* AggregateFunctions.swift */ = {isa = PBXFileReference; fileEncoding = 4; lastKnownFileType = sourcecode.swift; path = AggregateFunctions.swift; sourceTree = "<group>"; };
		4334AC7C1CB24BC8007F96D1 /* Collation.swift */ = {isa = PBXFileReference; fileEncoding = 4; lastKnownFileType = sourcecode.swift; path = Collation.swift; sourceTree = "<group>"; };
		4334AC7D1CB24BC8007F96D1 /* CoreFunctions.swift */ = {isa = PBXFileReference; fileEncoding = 4; lastKnownFileType = sourcecode.swift; path = CoreFunctions.swift; sourceTree = "<group>"; };
		4334AC7E1CB24BC8007F96D1 /* CustomFunctions.swift */ = {isa = PBXFileReference; fileEncoding = 4; lastKnownFileType = sourcecode.swift; path = CustomFunctions.swift; sourceTree = "<group>"; };
		4334AC7F1CB24BC8007F96D1 /* Expression.swift */ = {isa = PBXFileReference; fileEncoding = 4; lastKnownFileType = sourcecode.swift; path = Expression.swift; sourceTree = "<group>"; };
		4334AC801CB24BC8007F96D1 /* Operators.swift */ = {isa = PBXFileReference; fileEncoding = 4; lastKnownFileType = sourcecode.swift; path = Operators.swift; sourceTree = "<group>"; };
		4334AC811CB24BC8007F96D1 /* Query.swift */ = {isa = PBXFileReference; fileEncoding = 4; lastKnownFileType = sourcecode.swift; path = Query.swift; sourceTree = "<group>"; };
		4334AC821CB24BC8007F96D1 /* Schema.swift */ = {isa = PBXFileReference; fileEncoding = 4; lastKnownFileType = sourcecode.swift; path = Schema.swift; sourceTree = "<group>"; };
		4334AC831CB24BC8007F96D1 /* Setter.swift */ = {isa = PBXFileReference; fileEncoding = 4; lastKnownFileType = sourcecode.swift; path = Setter.swift; sourceTree = "<group>"; };
		4334AC841CB24BC8007F96D1 /* SQLite.playground */ = {isa = PBXFileReference; lastKnownFileType = file.playground; path = SQLite.playground; sourceTree = "<group>"; };
		4334AC851CB24BC8007F96D1 /* SQLite.swift.podspec */ = {isa = PBXFileReference; fileEncoding = 4; lastKnownFileType = text; path = SQLite.swift.podspec; sourceTree = "<group>"; };
		4334AC861CB24BC8007F96D1 /* SQLite.xcodeproj */ = {isa = PBXFileReference; lastKnownFileType = "wrapper.pb-project"; path = SQLite.xcodeproj; sourceTree = "<group>"; };
		4334AC8A1CB24BC8007F96D1 /* AggregateFunctionsTests.swift */ = {isa = PBXFileReference; fileEncoding = 4; lastKnownFileType = sourcecode.swift; path = AggregateFunctionsTests.swift; sourceTree = "<group>"; };
		4334AC8B1CB24BC8007F96D1 /* BlobTests.swift */ = {isa = PBXFileReference; fileEncoding = 4; lastKnownFileType = sourcecode.swift; path = BlobTests.swift; sourceTree = "<group>"; };
		4334AC8C1CB24BC8007F96D1 /* ConnectionTests.swift */ = {isa = PBXFileReference; fileEncoding = 4; lastKnownFileType = sourcecode.swift; path = ConnectionTests.swift; sourceTree = "<group>"; };
		4334AC8D1CB24BC8007F96D1 /* CoreFunctionsTests.swift */ = {isa = PBXFileReference; fileEncoding = 4; lastKnownFileType = sourcecode.swift; path = CoreFunctionsTests.swift; sourceTree = "<group>"; };
		4334AC8E1CB24BC8007F96D1 /* CustomFunctionsTests.swift */ = {isa = PBXFileReference; fileEncoding = 4; lastKnownFileType = sourcecode.swift; path = CustomFunctionsTests.swift; sourceTree = "<group>"; };
		4334AC8F1CB24BC8007F96D1 /* ExpressionTests.swift */ = {isa = PBXFileReference; fileEncoding = 4; lastKnownFileType = sourcecode.swift; path = ExpressionTests.swift; sourceTree = "<group>"; };
		4334AC901CB24BC8007F96D1 /* FTS4Tests.swift */ = {isa = PBXFileReference; fileEncoding = 4; lastKnownFileType = sourcecode.swift; path = FTS4Tests.swift; sourceTree = "<group>"; };
		4334AC911CB24BC8007F96D1 /* Info.plist */ = {isa = PBXFileReference; fileEncoding = 4; lastKnownFileType = text.plist.xml; path = Info.plist; sourceTree = "<group>"; };
		4334AC921CB24BC8007F96D1 /* OperatorsTests.swift */ = {isa = PBXFileReference; fileEncoding = 4; lastKnownFileType = sourcecode.swift; path = OperatorsTests.swift; sourceTree = "<group>"; };
		4334AC931CB24BC8007F96D1 /* QueryTests.swift */ = {isa = PBXFileReference; fileEncoding = 4; lastKnownFileType = sourcecode.swift; path = QueryTests.swift; sourceTree = "<group>"; };
		4334AC941CB24BC8007F96D1 /* R*TreeTests.swift */ = {isa = PBXFileReference; fileEncoding = 4; lastKnownFileType = sourcecode.swift; path = "R*TreeTests.swift"; sourceTree = "<group>"; };
		4334AC951CB24BC8007F96D1 /* SchemaTests.swift */ = {isa = PBXFileReference; fileEncoding = 4; lastKnownFileType = sourcecode.swift; path = SchemaTests.swift; sourceTree = "<group>"; };
		4334AC961CB24BC8007F96D1 /* SetterTests.swift */ = {isa = PBXFileReference; fileEncoding = 4; lastKnownFileType = sourcecode.swift; path = SetterTests.swift; sourceTree = "<group>"; };
		4334AC971CB24BC8007F96D1 /* StatementTests.swift */ = {isa = PBXFileReference; fileEncoding = 4; lastKnownFileType = sourcecode.swift; path = StatementTests.swift; sourceTree = "<group>"; };
		4334AC981CB24BC8007F96D1 /* TestHelpers.swift */ = {isa = PBXFileReference; fileEncoding = 4; lastKnownFileType = sourcecode.swift; path = TestHelpers.swift; sourceTree = "<group>"; };
		4334AC991CB24BC8007F96D1 /* ValueTests.swift */ = {isa = PBXFileReference; fileEncoding = 4; lastKnownFileType = sourcecode.swift; path = ValueTests.swift; sourceTree = "<group>"; };
/* End PBXFileReference section */

/* Begin PBXFrameworksBuildPhase section */
		4334AA7B1CB1B36A007F96D1 /* Frameworks */ = {
			isa = PBXFrameworksBuildPhase;
			buildActionMask = 2147483647;
			files = (
			);
			runOnlyForDeploymentPostprocessing = 0;
		};
		4334AA861CB1B36B007F96D1 /* Frameworks */ = {
			isa = PBXFrameworksBuildPhase;
			buildActionMask = 2147483647;
			files = (
				4334AA8A1CB1B36B007F96D1 /* AllKanjiBezierPath.framework in Frameworks */,
			);
			runOnlyForDeploymentPostprocessing = 0;
		};
		4334AB1E1CB1BF35007F96D1 /* Frameworks */ = {
			isa = PBXFrameworksBuildPhase;
			buildActionMask = 2147483647;
			files = (
			);
			runOnlyForDeploymentPostprocessing = 0;
		};
		4334AB281CB1BF35007F96D1 /* Frameworks */ = {
			isa = PBXFrameworksBuildPhase;
			buildActionMask = 2147483647;
			files = (
				4334AB2C1CB1BF35007F96D1 /* AllKanjiBezierPath.framework in Frameworks */,
			);
			runOnlyForDeploymentPostprocessing = 0;
		};
		4334AB5F1CB23D65007F96D1 /* Frameworks */ = {
			isa = PBXFrameworksBuildPhase;
			buildActionMask = 2147483647;
			files = (
			);
			runOnlyForDeploymentPostprocessing = 0;
		};
		4334AB691CB23D66007F96D1 /* Frameworks */ = {
			isa = PBXFrameworksBuildPhase;
			buildActionMask = 2147483647;
			files = (
				4334AB6D1CB23D66007F96D1 /* AllKanjiBezierPath.framework in Frameworks */,
			);
			runOnlyForDeploymentPostprocessing = 0;
		};
/* End PBXFrameworksBuildPhase section */

/* Begin PBXGroup section */
		4334AA751CB1B36A007F96D1 = {
			isa = PBXGroup;
			children = (
				4334AA9D1CB1B5B4007F96D1 /* Carthage */,
				4334AA811CB1B36A007F96D1 /* AllKanjiBezierPath */,
				4334AA8D1CB1B36B007F96D1 /* AllKanjiBezierPathTests */,
				4334AB231CB1BF35007F96D1 /* AllKanjiBezierPath-OSX */,
				4334AB2F1CB1BF35007F96D1 /* AllKanjiBezierPath-OSXTests */,
				4334AB441CB1C3C4007F96D1 /* AllKanjiBezierPath-TVOS */,
				4334AB501CB1C3C4007F96D1 /* AllKanjiBezierPath-TVOSTests */,
				4334AB641CB23D66007F96D1 /* AllKanjiBezierPath-TVOS */,
				4334AB701CB23D66007F96D1 /* AllKanjiBezierPath-TVOSTests */,
				4334AA801CB1B36A007F96D1 /* Products */,
			);
			sourceTree = "<group>";
		};
		4334AA801CB1B36A007F96D1 /* Products */ = {
			isa = PBXGroup;
			children = (
				4334AA7F1CB1B36A007F96D1 /* AllKanjiBezierPath.framework */,
				4334AA891CB1B36B007F96D1 /* AllKanjiBezierPathTests.xctest */,
				4334AB221CB1BF35007F96D1 /* AllKanjiBezierPath.framework */,
				4334AB2B1CB1BF35007F96D1 /* AllKanjiBezierPath-OSXTests.xctest */,
				4334AB631CB23D65007F96D1 /* AllKanjiBezierPath.framework */,
				4334AB6C1CB23D66007F96D1 /* AllKanjiBezierPath-TVOSTests.xctest */,
			);
			name = Products;
			sourceTree = "<group>";
		};
		4334AA811CB1B36A007F96D1 /* AllKanjiBezierPath */ = {
			isa = PBXGroup;
			children = (
				4334AA821CB1B36A007F96D1 /* AllKanjiBezierPath.h */,
				4334AC2F1CB2450D007F96D1 /* AllKanjiBezierPath-OSX.h */,
				4334AC301CB2450D007F96D1 /* AllKanjiBezierPath-TVOS.h */,
				4334AA9B1CB1B3B6007F96D1 /* AllKanjiHelper.swift */,
				4334AA991CB1B3A9007F96D1 /* kanjDB.db */,
				4334AA841CB1B36B007F96D1 /* Info.plist */,
			);
			path = AllKanjiBezierPath;
			sourceTree = "<group>";
		};
		4334AA8D1CB1B36B007F96D1 /* AllKanjiBezierPathTests */ = {
			isa = PBXGroup;
			children = (
				4334AA8E1CB1B36B007F96D1 /* AllKanjiBezierPathTests.swift */,
				4334AA901CB1B36B007F96D1 /* Info.plist */,
			);
			path = AllKanjiBezierPathTests;
			sourceTree = "<group>";
		};
		4334AA9D1CB1B5B4007F96D1 /* Carthage */ = {
			isa = PBXGroup;
			children = (
				4334AC3C1CB24BC8007F96D1 /* Checkouts */,
				4334AA9E1CB1B5B4007F96D1 /* Build */,
			);
			path = Carthage;
			sourceTree = "<group>";
		};
		4334AA9E1CB1B5B4007F96D1 /* Build */ = {
			isa = PBXGroup;
			children = (
				4334AA9F1CB1B5B4007F96D1 /* iOS */,
				4334AAA41CB1B5B4007F96D1 /* Mac */,
				4334AAA71CB1B5B4007F96D1 /* tvOS */,
			);
			path = Build;
			sourceTree = "<group>";
		};
		4334AA9F1CB1B5B4007F96D1 /* iOS */ = {
			isa = PBXGroup;
			children = (
				4334AAA21CB1B5B4007F96D1 /* SQLite.framework */,
				4334AAA01CB1B5B4007F96D1 /* 079DD56B-3ED2-3B04-B7F8-4BB1CA898C52.bcsymbolmap */,
				4334AAA11CB1B5B4007F96D1 /* 93236D11-03BC-3D32-BAEA-9A403048BA3F.bcsymbolmap */,
				4334AAA31CB1B5B4007F96D1 /* SQLite.framework.dSYM */,
			);
			path = iOS;
			sourceTree = "<group>";
		};
		4334AAA41CB1B5B4007F96D1 /* Mac */ = {
			isa = PBXGroup;
			children = (
				4334AAA51CB1B5B4007F96D1 /* SQLite.framework */,
				4334AAA61CB1B5B4007F96D1 /* SQLite.framework.dSYM */,
			);
			path = Mac;
			sourceTree = "<group>";
		};
		4334AAA71CB1B5B4007F96D1 /* tvOS */ = {
			isa = PBXGroup;
			children = (
				4334AAA81CB1B5B4007F96D1 /* D58C9716-A009-33FB-8DEB-30397E289445.bcsymbolmap */,
				4334AAA91CB1B5B4007F96D1 /* SQLite.framework */,
				4334AAAA1CB1B5B4007F96D1 /* SQLite.framework.dSYM */,
			);
			path = tvOS;
			sourceTree = "<group>";
		};
		4334AB231CB1BF35007F96D1 /* AllKanjiBezierPath-OSX */ = {
			isa = PBXGroup;
			children = (
				4334AB261CB1BF35007F96D1 /* Info.plist */,
			);
			path = "AllKanjiBezierPath-OSX";
			sourceTree = "<group>";
		};
		4334AB2F1CB1BF35007F96D1 /* AllKanjiBezierPath-OSXTests */ = {
			isa = PBXGroup;
			children = (
				4334AB321CB1BF35007F96D1 /* Info.plist */,
			);
			path = "AllKanjiBezierPath-OSXTests";
			sourceTree = "<group>";
		};
		4334AB441CB1C3C4007F96D1 /* AllKanjiBezierPath-TVOS */ = {
			isa = PBXGroup;
			children = (
				4334AB471CB1C3C4007F96D1 /* Info.plist */,
			);
			path = "AllKanjiBezierPath-TVOS";
			sourceTree = "<group>";
		};
		4334AB501CB1C3C4007F96D1 /* AllKanjiBezierPath-TVOSTests */ = {
			isa = PBXGroup;
			children = (
				4334AB531CB1C3C4007F96D1 /* Info.plist */,
			);
			path = "AllKanjiBezierPath-TVOSTests";
			sourceTree = "<group>";
		};
		4334AB641CB23D66007F96D1 /* AllKanjiBezierPath-TVOS */ = {
			isa = PBXGroup;
			children = (
				4334AB651CB23D66007F96D1 /* AllKanjiBezierPath-TVOS.h */,
				4334AB671CB23D66007F96D1 /* Info.plist */,
			);
			path = "AllKanjiBezierPath-TVOS";
			sourceTree = "<group>";
		};
		4334AB701CB23D66007F96D1 /* AllKanjiBezierPath-TVOSTests */ = {
			isa = PBXGroup;
			children = (
				4334AB731CB23D66007F96D1 /* Info.plist */,
			);
			path = "AllKanjiBezierPath-TVOSTests";
			sourceTree = "<group>";
		};
		4334AC3C1CB24BC8007F96D1 /* Checkouts */ = {
			isa = PBXGroup;
			children = (
				4334AC3D1CB24BC8007F96D1 /* SQLite.swift */,
			);
			path = Checkouts;
			sourceTree = "<group>";
		};
		4334AC3D1CB24BC8007F96D1 /* SQLite.swift */ = {
			isa = PBXGroup;
			children = (
				4334AC3E1CB24BC8007F96D1 /* .gitignore */,
				4334AC3F1CB24BC8007F96D1 /* .gitmodules */,
				4334AC401CB24BC8007F96D1 /* .travis.yml */,
				4334AC411CB24BC8007F96D1 /* Carthage */,
				4334AC511CB24BC8007F96D1 /* CocoaPods */,
				4334AC601CB24BC8007F96D1 /* CONTRIBUTING.md */,
				4334AC611CB24BC8007F96D1 /* Documentation */,
				4334AC671CB24BC8007F96D1 /* LICENSE.txt */,
				4334AC681CB24BC8007F96D1 /* Makefile */,
				4334AC691CB24BC8007F96D1 /* README.md */,
				4334AC6A1CB24BC8007F96D1 /* SQLite */,
				4334AC841CB24BC8007F96D1 /* SQLite.playground */,
				4334AC851CB24BC8007F96D1 /* SQLite.swift.podspec */,
				4334AC861CB24BC8007F96D1 /* SQLite.xcodeproj */,
				4334AC891CB24BC8007F96D1 /* SQLiteTests */,
			);
			path = SQLite.swift;
			sourceTree = "<group>";
		};
		4334AC411CB24BC8007F96D1 /* Carthage */ = {
			isa = PBXGroup;
			children = (
				4334AC421CB24BC8007F96D1 /* Build */,
			);
			path = Carthage;
			sourceTree = "<group>";
		};
		4334AC421CB24BC8007F96D1 /* Build */ = {
			isa = PBXGroup;
			children = (
				4334AC431CB24BC8007F96D1 /* iOS */,
				4334AC481CB24BC8007F96D1 /* Mac */,
				4334AC4D1CB24BC8007F96D1 /* tvOS */,
			);
			path = Build;
			sourceTree = "<group>";
		};
		4334AC431CB24BC8007F96D1 /* iOS */ = {
			isa = PBXGroup;
			children = (
				4334AC441CB24BC8007F96D1 /* 079DD56B-3ED2-3B04-B7F8-4BB1CA898C52.bcsymbolmap */,
				4334AC451CB24BC8007F96D1 /* 93236D11-03BC-3D32-BAEA-9A403048BA3F.bcsymbolmap */,
				4334AC461CB24BC8007F96D1 /* SQLite.framework */,
				4334AC471CB24BC8007F96D1 /* SQLite.framework.dSYM */,
			);
			path = iOS;
			sourceTree = "<group>";
		};
		4334AC481CB24BC8007F96D1 /* Mac */ = {
			isa = PBXGroup;
			children = (
				4334AC491CB24BC8007F96D1 /* AllKanjiBezierPath.framework */,
				4334AC4A1CB24BC8007F96D1 /* AllKanjiBezierPath.framework.dSYM */,
				4334AC4B1CB24BC8007F96D1 /* SQLite.framework */,
				4334AC4C1CB24BC8007F96D1 /* SQLite.framework.dSYM */,
			);
			path = Mac;
			sourceTree = "<group>";
		};
		4334AC4D1CB24BC8007F96D1 /* tvOS */ = {
			isa = PBXGroup;
			children = (
				4334AC4E1CB24BC8007F96D1 /* D58C9716-A009-33FB-8DEB-30397E289445.bcsymbolmap */,
				4334AC4F1CB24BC8007F96D1 /* SQLite.framework */,
				4334AC501CB24BC8007F96D1 /* SQLite.framework.dSYM */,
			);
			path = tvOS;
			sourceTree = "<group>";
		};
		4334AC511CB24BC8007F96D1 /* CocoaPods */ = {
			isa = PBXGroup;
			children = (
				4334AC521CB24BC8007F96D1 /* appletvos */,
				4334AC541CB24BC8007F96D1 /* appletvsimulator */,
				4334AC561CB24BC8007F96D1 /* iphoneos */,
				4334AC581CB24BC8007F96D1 /* iphonesimulator */,
				4334AC5A1CB24BC8007F96D1 /* macosx */,
				4334AC5C1CB24BC8007F96D1 /* watchos */,
				4334AC5E1CB24BC8007F96D1 /* watchsimulator */,
			);
			path = CocoaPods;
			sourceTree = "<group>";
		};
		4334AC521CB24BC8007F96D1 /* appletvos */ = {
			isa = PBXGroup;
			children = (
				4334AC531CB24BC8007F96D1 /* module.modulemap */,
			);
			path = appletvos;
			sourceTree = "<group>";
		};
		4334AC541CB24BC8007F96D1 /* appletvsimulator */ = {
			isa = PBXGroup;
			children = (
				4334AC551CB24BC8007F96D1 /* module.modulemap */,
			);
			path = appletvsimulator;
			sourceTree = "<group>";
		};
		4334AC561CB24BC8007F96D1 /* iphoneos */ = {
			isa = PBXGroup;
			children = (
				4334AC571CB24BC8007F96D1 /* module.modulemap */,
			);
			path = iphoneos;
			sourceTree = "<group>";
		};
		4334AC581CB24BC8007F96D1 /* iphonesimulator */ = {
			isa = PBXGroup;
			children = (
				4334AC591CB24BC8007F96D1 /* module.modulemap */,
			);
			path = iphonesimulator;
			sourceTree = "<group>";
		};
		4334AC5A1CB24BC8007F96D1 /* macosx */ = {
			isa = PBXGroup;
			children = (
				4334AC5B1CB24BC8007F96D1 /* module.modulemap */,
			);
			path = macosx;
			sourceTree = "<group>";
		};
		4334AC5C1CB24BC8007F96D1 /* watchos */ = {
			isa = PBXGroup;
			children = (
				4334AC5D1CB24BC8007F96D1 /* module.modulemap */,
			);
			path = watchos;
			sourceTree = "<group>";
		};
		4334AC5E1CB24BC8007F96D1 /* watchsimulator */ = {
			isa = PBXGroup;
			children = (
				4334AC5F1CB24BC8007F96D1 /* module.modulemap */,
			);
			path = watchsimulator;
			sourceTree = "<group>";
		};
		4334AC611CB24BC8007F96D1 /* Documentation */ = {
			isa = PBXGroup;
			children = (
				4334AC621CB24BC8007F96D1 /* Index.md */,
				4334AC631CB24BC8007F96D1 /* Planning.md */,
				4334AC641CB24BC8007F96D1 /* Resources */,
			);
			path = Documentation;
			sourceTree = "<group>";
		};
		4334AC641CB24BC8007F96D1 /* Resources */ = {
			isa = PBXGroup;
			children = (
				4334AC651CB24BC8007F96D1 /* installation@2x.png */,
				4334AC661CB24BC8007F96D1 /* playground@2x.png */,
			);
			path = Resources;
			sourceTree = "<group>";
		};
		4334AC6A1CB24BC8007F96D1 /* SQLite */ = {
			isa = PBXGroup;
			children = (
				4334AC6B1CB24BC8007F96D1 /* Core */,
				4334AC731CB24BC8007F96D1 /* Extensions */,
				4334AC761CB24BC8007F96D1 /* Foundation.swift */,
				4334AC771CB24BC8007F96D1 /* Helpers.swift */,
				4334AC781CB24BC8007F96D1 /* Info.plist */,
				4334AC791CB24BC8007F96D1 /* SQLite.h */,
				4334AC7A1CB24BC8007F96D1 /* Typed */,
			);
			path = SQLite;
			sourceTree = "<group>";
		};
		4334AC6B1CB24BC8007F96D1 /* Core */ = {
			isa = PBXGroup;
			children = (
				4334AC6C1CB24BC8007F96D1 /* Blob.swift */,
				4334AC6D1CB24BC8007F96D1 /* Connection.swift */,
				4334AC6E1CB24BC8007F96D1 /* fts3_tokenizer.h */,
				4334AC6F1CB24BC8007F96D1 /* SQLite-Bridging.h */,
				4334AC701CB24BC8007F96D1 /* SQLite-Bridging.m */,
				4334AC711CB24BC8007F96D1 /* Statement.swift */,
				4334AC721CB24BC8007F96D1 /* Value.swift */,
			);
			path = Core;
			sourceTree = "<group>";
		};
		4334AC731CB24BC8007F96D1 /* Extensions */ = {
			isa = PBXGroup;
			children = (
				4334AC741CB24BC8007F96D1 /* FTS4.swift */,
				4334AC751CB24BC8007F96D1 /* R*Tree.swift */,
			);
			path = Extensions;
			sourceTree = "<group>";
		};
		4334AC7A1CB24BC8007F96D1 /* Typed */ = {
			isa = PBXGroup;
			children = (
				4334AC7B1CB24BC8007F96D1 /* AggregateFunctions.swift */,
				4334AC7C1CB24BC8007F96D1 /* Collation.swift */,
				4334AC7D1CB24BC8007F96D1 /* CoreFunctions.swift */,
				4334AC7E1CB24BC8007F96D1 /* CustomFunctions.swift */,
				4334AC7F1CB24BC8007F96D1 /* Expression.swift */,
				4334AC801CB24BC8007F96D1 /* Operators.swift */,
				4334AC811CB24BC8007F96D1 /* Query.swift */,
				4334AC821CB24BC8007F96D1 /* Schema.swift */,
				4334AC831CB24BC8007F96D1 /* Setter.swift */,
			);
			path = Typed;
			sourceTree = "<group>";
		};
		4334AC871CB24BC8007F96D1 /* Products */ = {
			isa = PBXGroup;
			children = (
				4334ACDF1CB24BC8007F96D1 /* SQLite.framework */,
				4334ACE11CB24BC8007F96D1 /* SQLiteTests iOS.xctest */,
				4334ACE31CB24BC8007F96D1 /* SQLite.framework */,
				4334ACE51CB24BC8007F96D1 /* SQLiteTests Mac.xctest */,
				4334ACE71CB24BC8007F96D1 /* SQLite.framework */,
				4334ACE91CB24BC8007F96D1 /* SQLiteTests tvOS.xctest */,
				4334ACEB1CB24BC8007F96D1 /* SQLite.framework */,
			);
			name = Products;
			sourceTree = "<group>";
		};
		4334AC891CB24BC8007F96D1 /* SQLiteTests */ = {
			isa = PBXGroup;
			children = (
				4334AC8A1CB24BC8007F96D1 /* AggregateFunctionsTests.swift */,
				4334AC8B1CB24BC8007F96D1 /* BlobTests.swift */,
				4334AC8C1CB24BC8007F96D1 /* ConnectionTests.swift */,
				4334AC8D1CB24BC8007F96D1 /* CoreFunctionsTests.swift */,
				4334AC8E1CB24BC8007F96D1 /* CustomFunctionsTests.swift */,
				4334AC8F1CB24BC8007F96D1 /* ExpressionTests.swift */,
				4334AC901CB24BC8007F96D1 /* FTS4Tests.swift */,
				4334AC911CB24BC8007F96D1 /* Info.plist */,
				4334AC921CB24BC8007F96D1 /* OperatorsTests.swift */,
				4334AC931CB24BC8007F96D1 /* QueryTests.swift */,
				4334AC941CB24BC8007F96D1 /* R*TreeTests.swift */,
				4334AC951CB24BC8007F96D1 /* SchemaTests.swift */,
				4334AC961CB24BC8007F96D1 /* SetterTests.swift */,
				4334AC971CB24BC8007F96D1 /* StatementTests.swift */,
				4334AC981CB24BC8007F96D1 /* TestHelpers.swift */,
				4334AC991CB24BC8007F96D1 /* ValueTests.swift */,
			);
			path = SQLiteTests;
			sourceTree = "<group>";
		};
/* End PBXGroup section */

/* Begin PBXHeadersBuildPhase section */
		4334AA7C1CB1B36A007F96D1 /* Headers */ = {
			isa = PBXHeadersBuildPhase;
			buildActionMask = 2147483647;
			files = (
				4334AA831CB1B36A007F96D1 /* AllKanjiBezierPath.h in Headers */,
			);
			runOnlyForDeploymentPostprocessing = 0;
		};
		4334AB1F1CB1BF35007F96D1 /* Headers */ = {
			isa = PBXHeadersBuildPhase;
			buildActionMask = 2147483647;
			files = (
				4334AC341CB24556007F96D1 /* AllKanjiBezierPath-OSX.h in Headers */,
			);
			runOnlyForDeploymentPostprocessing = 0;
		};
		4334AB601CB23D65007F96D1 /* Headers */ = {
			isa = PBXHeadersBuildPhase;
			buildActionMask = 2147483647;
			files = (
				4334AC331CB24550007F96D1 /* AllKanjiBezierPath-TVOS.h in Headers */,
			);
			runOnlyForDeploymentPostprocessing = 0;
		};
/* End PBXHeadersBuildPhase section */

/* Begin PBXNativeTarget section */
		4334AA7E1CB1B36A007F96D1 /* AllKanjiBezierPath */ = {
			isa = PBXNativeTarget;
			buildConfigurationList = 4334AA931CB1B36B007F96D1 /* Build configuration list for PBXNativeTarget "AllKanjiBezierPath" */;
			buildPhases = (
				4334AA7A1CB1B36A007F96D1 /* Sources */,
				4334AA7B1CB1B36A007F96D1 /* Frameworks */,
				4334AA7C1CB1B36A007F96D1 /* Headers */,
				4334AA7D1CB1B36A007F96D1 /* Resources */,
			);
			buildRules = (
			);
			dependencies = (
			);
			name = AllKanjiBezierPath;
			productName = AllKanjiBezierPath;
			productReference = 4334AA7F1CB1B36A007F96D1 /* AllKanjiBezierPath.framework */;
			productType = "com.apple.product-type.framework";
		};
		4334AA881CB1B36B007F96D1 /* AllKanjiBezierPathTests */ = {
			isa = PBXNativeTarget;
			buildConfigurationList = 4334AA961CB1B36B007F96D1 /* Build configuration list for PBXNativeTarget "AllKanjiBezierPathTests" */;
			buildPhases = (
				4334AA851CB1B36B007F96D1 /* Sources */,
				4334AA861CB1B36B007F96D1 /* Frameworks */,
				4334AA871CB1B36B007F96D1 /* Resources */,
			);
			buildRules = (
			);
			dependencies = (
				4334AA8C1CB1B36B007F96D1 /* PBXTargetDependency */,
			);
			name = AllKanjiBezierPathTests;
			productName = AllKanjiBezierPathTests;
			productReference = 4334AA891CB1B36B007F96D1 /* AllKanjiBezierPathTests.xctest */;
			productType = "com.apple.product-type.bundle.unit-test";
		};
		4334AB211CB1BF35007F96D1 /* AllKanjiBezierPath-OSX */ = {
			isa = PBXNativeTarget;
			buildConfigurationList = 4334AB331CB1BF35007F96D1 /* Build configuration list for PBXNativeTarget "AllKanjiBezierPath-OSX" */;
			buildPhases = (
				4334AB1D1CB1BF35007F96D1 /* Sources */,
				4334AB1E1CB1BF35007F96D1 /* Frameworks */,
				4334AB1F1CB1BF35007F96D1 /* Headers */,
				4334AB201CB1BF35007F96D1 /* Resources */,
				4334AC371CB249B0007F96D1 /* ShellScript */,
			);
			buildRules = (
			);
			dependencies = (
			);
			name = "AllKanjiBezierPath-OSX";
			productName = "AllKanjiBezierPath-OSX";
			productReference = 4334AB221CB1BF35007F96D1 /* AllKanjiBezierPath.framework */;
			productType = "com.apple.product-type.framework";
		};
		4334AB2A1CB1BF35007F96D1 /* AllKanjiBezierPath-OSXTests */ = {
			isa = PBXNativeTarget;
			buildConfigurationList = 4334AB361CB1BF35007F96D1 /* Build configuration list for PBXNativeTarget "AllKanjiBezierPath-OSXTests" */;
			buildPhases = (
				4334AB271CB1BF35007F96D1 /* Sources */,
				4334AB281CB1BF35007F96D1 /* Frameworks */,
				4334AB291CB1BF35007F96D1 /* Resources */,
			);
			buildRules = (
			);
			dependencies = (
				4334AB2E1CB1BF35007F96D1 /* PBXTargetDependency */,
			);
			name = "AllKanjiBezierPath-OSXTests";
			productName = "AllKanjiBezierPath-OSXTests";
			productReference = 4334AB2B1CB1BF35007F96D1 /* AllKanjiBezierPath-OSXTests.xctest */;
			productType = "com.apple.product-type.bundle.unit-test";
		};
		4334AB621CB23D65007F96D1 /* AllKanjiBezierPath-TVOS */ = {
			isa = PBXNativeTarget;
			buildConfigurationList = 4334AB741CB23D66007F96D1 /* Build configuration list for PBXNativeTarget "AllKanjiBezierPath-TVOS" */;
			buildPhases = (
				4334AB5E1CB23D65007F96D1 /* Sources */,
				4334AB5F1CB23D65007F96D1 /* Frameworks */,
				4334AB601CB23D65007F96D1 /* Headers */,
				4334AB611CB23D65007F96D1 /* Resources */,
				4334AC381CB249C8007F96D1 /* ShellScript */,
			);
			buildRules = (
			);
			dependencies = (
			);
			name = "AllKanjiBezierPath-TVOS";
			productName = "AllKanjiBezierPath-TVOS";
			productReference = 4334AB631CB23D65007F96D1 /* AllKanjiBezierPath.framework */;
			productType = "com.apple.product-type.framework";
		};
		4334AB6B1CB23D66007F96D1 /* AllKanjiBezierPath-TVOSTests */ = {
			isa = PBXNativeTarget;
			buildConfigurationList = 4334AB771CB23D66007F96D1 /* Build configuration list for PBXNativeTarget "AllKanjiBezierPath-TVOSTests" */;
			buildPhases = (
				4334AB681CB23D66007F96D1 /* Sources */,
				4334AB691CB23D66007F96D1 /* Frameworks */,
				4334AB6A1CB23D66007F96D1 /* Resources */,
			);
			buildRules = (
			);
			dependencies = (
				4334AB6F1CB23D66007F96D1 /* PBXTargetDependency */,
			);
			name = "AllKanjiBezierPath-TVOSTests";
			productName = "AllKanjiBezierPath-TVOSTests";
			productReference = 4334AB6C1CB23D66007F96D1 /* AllKanjiBezierPath-TVOSTests.xctest */;
			productType = "com.apple.product-type.bundle.unit-test";
		};
/* End PBXNativeTarget section */

/* Begin PBXProject section */
		4334AA761CB1B36A007F96D1 /* Project object */ = {
			isa = PBXProject;
			attributes = {
				LastSwiftUpdateCheck = 0730;
				LastUpgradeCheck = 0730;
				ORGANIZATIONNAME = "Andriy K.";
				TargetAttributes = {
					4334AA7E1CB1B36A007F96D1 = {
						CreatedOnToolsVersion = 7.3;
					};
					4334AA881CB1B36B007F96D1 = {
						CreatedOnToolsVersion = 7.3;
					};
					4334AB211CB1BF35007F96D1 = {
						CreatedOnToolsVersion = 7.3;
					};
					4334AB2A1CB1BF35007F96D1 = {
						CreatedOnToolsVersion = 7.3;
					};
					4334AB621CB23D65007F96D1 = {
						CreatedOnToolsVersion = 7.3;
					};
					4334AB6B1CB23D66007F96D1 = {
						CreatedOnToolsVersion = 7.3;
					};
				};
			};
			buildConfigurationList = 4334AA791CB1B36A007F96D1 /* Build configuration list for PBXProject "AllKanjiBezierPath" */;
			compatibilityVersion = "Xcode 3.2";
			developmentRegion = English;
			hasScannedForEncodings = 0;
			knownRegions = (
				en,
			);
			mainGroup = 4334AA751CB1B36A007F96D1;
			productRefGroup = 4334AA801CB1B36A007F96D1 /* Products */;
			projectDirPath = "";
			projectReferences = (
				{
					ProductGroup = 4334AC871CB24BC8007F96D1 /* Products */;
					ProjectRef = 4334AC861CB24BC8007F96D1 /* SQLite.xcodeproj */;
				},
			);
			projectRoot = "";
			targets = (
				4334AA7E1CB1B36A007F96D1 /* AllKanjiBezierPath */,
				4334AA881CB1B36B007F96D1 /* AllKanjiBezierPathTests */,
				4334AB211CB1BF35007F96D1 /* AllKanjiBezierPath-OSX */,
				4334AB2A1CB1BF35007F96D1 /* AllKanjiBezierPath-OSXTests */,
				4334AB621CB23D65007F96D1 /* AllKanjiBezierPath-TVOS */,
				4334AB6B1CB23D66007F96D1 /* AllKanjiBezierPath-TVOSTests */,
			);
		};
/* End PBXProject section */

/* Begin PBXReferenceProxy section */
		4334ACDF1CB24BC8007F96D1 /* SQLite.framework */ = {
			isa = PBXReferenceProxy;
			fileType = wrapper.framework;
			path = SQLite.framework;
			remoteRef = 4334ACDE1CB24BC8007F96D1 /* PBXContainerItemProxy */;
			sourceTree = BUILT_PRODUCTS_DIR;
		};
		4334ACE11CB24BC8007F96D1 /* SQLiteTests iOS.xctest */ = {
			isa = PBXReferenceProxy;
			fileType = wrapper.cfbundle;
			path = "SQLiteTests iOS.xctest";
			remoteRef = 4334ACE01CB24BC8007F96D1 /* PBXContainerItemProxy */;
			sourceTree = BUILT_PRODUCTS_DIR;
		};
		4334ACE31CB24BC8007F96D1 /* SQLite.framework */ = {
			isa = PBXReferenceProxy;
			fileType = wrapper.framework;
			path = SQLite.framework;
			remoteRef = 4334ACE21CB24BC8007F96D1 /* PBXContainerItemProxy */;
			sourceTree = BUILT_PRODUCTS_DIR;
		};
		4334ACE51CB24BC8007F96D1 /* SQLiteTests Mac.xctest */ = {
			isa = PBXReferenceProxy;
			fileType = wrapper.cfbundle;
			path = "SQLiteTests Mac.xctest";
			remoteRef = 4334ACE41CB24BC8007F96D1 /* PBXContainerItemProxy */;
			sourceTree = BUILT_PRODUCTS_DIR;
		};
		4334ACE71CB24BC8007F96D1 /* SQLite.framework */ = {
			isa = PBXReferenceProxy;
			fileType = wrapper.framework;
			path = SQLite.framework;
			remoteRef = 4334ACE61CB24BC8007F96D1 /* PBXContainerItemProxy */;
			sourceTree = BUILT_PRODUCTS_DIR;
		};
		4334ACE91CB24BC8007F96D1 /* SQLiteTests tvOS.xctest */ = {
			isa = PBXReferenceProxy;
			fileType = wrapper.cfbundle;
			path = "SQLiteTests tvOS.xctest";
			remoteRef = 4334ACE81CB24BC8007F96D1 /* PBXContainerItemProxy */;
			sourceTree = BUILT_PRODUCTS_DIR;
		};
		4334ACEB1CB24BC8007F96D1 /* SQLite.framework */ = {
			isa = PBXReferenceProxy;
			fileType = wrapper.framework;
			path = SQLite.framework;
			remoteRef = 4334ACEA1CB24BC8007F96D1 /* PBXContainerItemProxy */;
			sourceTree = BUILT_PRODUCTS_DIR;
		};
/* End PBXReferenceProxy section */

/* Begin PBXResourcesBuildPhase section */
		4334AA7D1CB1B36A007F96D1 /* Resources */ = {
			isa = PBXResourcesBuildPhase;
			buildActionMask = 2147483647;
			files = (
				4334AA9A1CB1B3A9007F96D1 /* kanjDB.db in Resources */,
			);
			runOnlyForDeploymentPostprocessing = 0;
		};
		4334AA871CB1B36B007F96D1 /* Resources */ = {
			isa = PBXResourcesBuildPhase;
			buildActionMask = 2147483647;
			files = (
			);
			runOnlyForDeploymentPostprocessing = 0;
		};
		4334AB201CB1BF35007F96D1 /* Resources */ = {
			isa = PBXResourcesBuildPhase;
			buildActionMask = 2147483647;
			files = (
				4334AB3A1CB1BF74007F96D1 /* kanjDB.db in Resources */,
			);
			runOnlyForDeploymentPostprocessing = 0;
		};
		4334AB291CB1BF35007F96D1 /* Resources */ = {
			isa = PBXResourcesBuildPhase;
			buildActionMask = 2147483647;
			files = (
			);
			runOnlyForDeploymentPostprocessing = 0;
		};
		4334AB611CB23D65007F96D1 /* Resources */ = {
			isa = PBXResourcesBuildPhase;
			buildActionMask = 2147483647;
			files = (
				4334AB7D1CB23D9E007F96D1 /* kanjDB.db in Resources */,
			);
			runOnlyForDeploymentPostprocessing = 0;
		};
		4334AB6A1CB23D66007F96D1 /* Resources */ = {
			isa = PBXResourcesBuildPhase;
			buildActionMask = 2147483647;
			files = (
			);
			runOnlyForDeploymentPostprocessing = 0;
		};
/* End PBXResourcesBuildPhase section */

/* Begin PBXShellScriptBuildPhase section */
		4334AC371CB249B0007F96D1 /* ShellScript */ = {
			isa = PBXShellScriptBuildPhase;
			buildActionMask = 2147483647;
			files = (
			);
			inputPaths = (
				"$(SRCROOT)/Carthage/Build/Mac/SQLite.framework",
			);
			outputPaths = (
			);
			runOnlyForDeploymentPostprocessing = 0;
			shellPath = /bin/sh;
			shellScript = "/usr/local/bin/carthage copy-frameworks";
		};
		4334AC381CB249C8007F96D1 /* ShellScript */ = {
			isa = PBXShellScriptBuildPhase;
			buildActionMask = 2147483647;
			files = (
			);
			inputPaths = (
				"$(SRCROOT)/Carthage/Build/tvOS/SQLite.framework",
			);
			outputPaths = (
			);
			runOnlyForDeploymentPostprocessing = 0;
			shellPath = /bin/sh;
			shellScript = "/usr/local/bin/carthage copy-frameworks";
		};
/* End PBXShellScriptBuildPhase section */

/* Begin PBXSourcesBuildPhase section */
		4334AA7A1CB1B36A007F96D1 /* Sources */ = {
			isa = PBXSourcesBuildPhase;
			buildActionMask = 2147483647;
			files = (
				4334AA9C1CB1B3B6007F96D1 /* AllKanjiHelper.swift in Sources */,
			);
			runOnlyForDeploymentPostprocessing = 0;
		};
		4334AA851CB1B36B007F96D1 /* Sources */ = {
			isa = PBXSourcesBuildPhase;
			buildActionMask = 2147483647;
			files = (
				4334AA8F1CB1B36B007F96D1 /* AllKanjiBezierPathTests.swift in Sources */,
			);
			runOnlyForDeploymentPostprocessing = 0;
		};
		4334AB1D1CB1BF35007F96D1 /* Sources */ = {
			isa = PBXSourcesBuildPhase;
			buildActionMask = 2147483647;
			files = (
				4334AB391CB1BF74007F96D1 /* AllKanjiHelper.swift in Sources */,
			);
			runOnlyForDeploymentPostprocessing = 0;
		};
		4334AB271CB1BF35007F96D1 /* Sources */ = {
			isa = PBXSourcesBuildPhase;
			buildActionMask = 2147483647;
			files = (
				4334AB3B1CB1BF79007F96D1 /* AllKanjiBezierPathTests.swift in Sources */,
			);
			runOnlyForDeploymentPostprocessing = 0;
		};
		4334AB5E1CB23D65007F96D1 /* Sources */ = {
			isa = PBXSourcesBuildPhase;
			buildActionMask = 2147483647;
			files = (
				4334AB7C1CB23D9E007F96D1 /* AllKanjiHelper.swift in Sources */,
			);
			runOnlyForDeploymentPostprocessing = 0;
		};
		4334AB681CB23D66007F96D1 /* Sources */ = {
			isa = PBXSourcesBuildPhase;
			buildActionMask = 2147483647;
			files = (
				4334AB7B1CB23D98007F96D1 /* AllKanjiBezierPathTests.swift in Sources */,
			);
			runOnlyForDeploymentPostprocessing = 0;
		};
/* End PBXSourcesBuildPhase section */

/* Begin PBXTargetDependency section */
		4334AA8C1CB1B36B007F96D1 /* PBXTargetDependency */ = {
			isa = PBXTargetDependency;
			target = 4334AA7E1CB1B36A007F96D1 /* AllKanjiBezierPath */;
			targetProxy = 4334AA8B1CB1B36B007F96D1 /* PBXContainerItemProxy */;
		};
		4334AB2E1CB1BF35007F96D1 /* PBXTargetDependency */ = {
			isa = PBXTargetDependency;
			target = 4334AB211CB1BF35007F96D1 /* AllKanjiBezierPath-OSX */;
			targetProxy = 4334AB2D1CB1BF35007F96D1 /* PBXContainerItemProxy */;
		};
		4334AB6F1CB23D66007F96D1 /* PBXTargetDependency */ = {
			isa = PBXTargetDependency;
			target = 4334AB621CB23D65007F96D1 /* AllKanjiBezierPath-TVOS */;
			targetProxy = 4334AB6E1CB23D66007F96D1 /* PBXContainerItemProxy */;
		};
/* End PBXTargetDependency section */

/* Begin XCBuildConfiguration section */
		4334AA911CB1B36B007F96D1 /* Debug */ = {
			isa = XCBuildConfiguration;
			buildSettings = {
				ALWAYS_SEARCH_USER_PATHS = NO;
				CLANG_ANALYZER_NONNULL = YES;
				CLANG_CXX_LANGUAGE_STANDARD = "gnu++0x";
				CLANG_CXX_LIBRARY = "libc++";
				CLANG_ENABLE_MODULES = YES;
				CLANG_ENABLE_OBJC_ARC = YES;
				CLANG_WARN_BOOL_CONVERSION = YES;
				CLANG_WARN_CONSTANT_CONVERSION = YES;
				CLANG_WARN_DIRECT_OBJC_ISA_USAGE = YES_ERROR;
				CLANG_WARN_EMPTY_BODY = YES;
				CLANG_WARN_ENUM_CONVERSION = YES;
				CLANG_WARN_INT_CONVERSION = YES;
				CLANG_WARN_OBJC_ROOT_CLASS = YES_ERROR;
				CLANG_WARN_UNREACHABLE_CODE = YES;
				CLANG_WARN__DUPLICATE_METHOD_MATCH = YES;
				"CODE_SIGN_IDENTITY[sdk=iphoneos*]" = "iPhone Developer";
				COPY_PHASE_STRIP = NO;
				CURRENT_PROJECT_VERSION = 1;
				DEBUG_INFORMATION_FORMAT = dwarf;
				ENABLE_STRICT_OBJC_MSGSEND = YES;
				ENABLE_TESTABILITY = YES;
				GCC_C_LANGUAGE_STANDARD = gnu99;
				GCC_DYNAMIC_NO_PIC = NO;
				GCC_NO_COMMON_BLOCKS = YES;
				GCC_OPTIMIZATION_LEVEL = 0;
				GCC_PREPROCESSOR_DEFINITIONS = (
					"DEBUG=1",
					"$(inherited)",
				);
				GCC_WARN_64_TO_32_BIT_CONVERSION = YES;
				GCC_WARN_ABOUT_RETURN_TYPE = YES_ERROR;
				GCC_WARN_UNDECLARED_SELECTOR = YES;
				GCC_WARN_UNINITIALIZED_AUTOS = YES_AGGRESSIVE;
				GCC_WARN_UNUSED_FUNCTION = YES;
				GCC_WARN_UNUSED_VARIABLE = YES;
				IPHONEOS_DEPLOYMENT_TARGET = 9.3;
				MTL_ENABLE_DEBUG_INFO = YES;
				ONLY_ACTIVE_ARCH = YES;
				SDKROOT = iphoneos;
				SWIFT_OPTIMIZATION_LEVEL = "-Onone";
				TARGETED_DEVICE_FAMILY = "1,2";
				VERSIONING_SYSTEM = "apple-generic";
				VERSION_INFO_PREFIX = "";
			};
			name = Debug;
		};
		4334AA921CB1B36B007F96D1 /* Release */ = {
			isa = XCBuildConfiguration;
			buildSettings = {
				ALWAYS_SEARCH_USER_PATHS = NO;
				CLANG_ANALYZER_NONNULL = YES;
				CLANG_CXX_LANGUAGE_STANDARD = "gnu++0x";
				CLANG_CXX_LIBRARY = "libc++";
				CLANG_ENABLE_MODULES = YES;
				CLANG_ENABLE_OBJC_ARC = YES;
				CLANG_WARN_BOOL_CONVERSION = YES;
				CLANG_WARN_CONSTANT_CONVERSION = YES;
				CLANG_WARN_DIRECT_OBJC_ISA_USAGE = YES_ERROR;
				CLANG_WARN_EMPTY_BODY = YES;
				CLANG_WARN_ENUM_CONVERSION = YES;
				CLANG_WARN_INT_CONVERSION = YES;
				CLANG_WARN_OBJC_ROOT_CLASS = YES_ERROR;
				CLANG_WARN_UNREACHABLE_CODE = YES;
				CLANG_WARN__DUPLICATE_METHOD_MATCH = YES;
				"CODE_SIGN_IDENTITY[sdk=iphoneos*]" = "iPhone Developer";
				COPY_PHASE_STRIP = NO;
				CURRENT_PROJECT_VERSION = 1;
				DEBUG_INFORMATION_FORMAT = "dwarf-with-dsym";
				ENABLE_NS_ASSERTIONS = NO;
				ENABLE_STRICT_OBJC_MSGSEND = YES;
				GCC_C_LANGUAGE_STANDARD = gnu99;
				GCC_NO_COMMON_BLOCKS = YES;
				GCC_WARN_64_TO_32_BIT_CONVERSION = YES;
				GCC_WARN_ABOUT_RETURN_TYPE = YES_ERROR;
				GCC_WARN_UNDECLARED_SELECTOR = YES;
				GCC_WARN_UNINITIALIZED_AUTOS = YES_AGGRESSIVE;
				GCC_WARN_UNUSED_FUNCTION = YES;
				GCC_WARN_UNUSED_VARIABLE = YES;
				IPHONEOS_DEPLOYMENT_TARGET = 9.3;
				MTL_ENABLE_DEBUG_INFO = NO;
				SDKROOT = iphoneos;
				TARGETED_DEVICE_FAMILY = "1,2";
				VALIDATE_PRODUCT = YES;
				VERSIONING_SYSTEM = "apple-generic";
				VERSION_INFO_PREFIX = "";
			};
			name = Release;
		};
		4334AA941CB1B36B007F96D1 /* Debug */ = {
			isa = XCBuildConfiguration;
			buildSettings = {
				CLANG_ENABLE_MODULES = YES;
				DEFINES_MODULE = YES;
				DYLIB_COMPATIBILITY_VERSION = 1;
				DYLIB_CURRENT_VERSION = 1;
				DYLIB_INSTALL_NAME_BASE = "@rpath";
				FRAMEWORK_SEARCH_PATHS = (
					"$(inherited)",
					"$(PROJECT_DIR)/Carthage/Build/iOS",
					"$(PROJECT_DIR)/Carthage/Checkouts/SQLite.swift/Carthage/Build/iOS",
					"$(PROJECT_DIR)/Carthage/Checkouts/SQLite.swift/Carthage/Build/Mac",
					"$(PROJECT_DIR)/Carthage/Checkouts/SQLite.swift/Carthage/Build/tvOS",
				);
				INFOPLIST_FILE = AllKanjiBezierPath/Info.plist;
				INSTALL_PATH = "$(LOCAL_LIBRARY_DIR)/Frameworks";
				IPHONEOS_DEPLOYMENT_TARGET = 8.0;
				LD_RUNPATH_SEARCH_PATHS = "$(inherited) @executable_path/Frameworks @loader_path/Frameworks";
				PRODUCT_BUNDLE_IDENTIFIER = com.haawa.AllKanjiBezierPath;
				PRODUCT_MODULE_NAME = AllKanjiBezierPath;
				PRODUCT_NAME = "$(TARGET_NAME)";
				SKIP_INSTALL = YES;
				SWIFT_OPTIMIZATION_LEVEL = "-Onone";
			};
			name = Debug;
		};
		4334AA951CB1B36B007F96D1 /* Release */ = {
			isa = XCBuildConfiguration;
			buildSettings = {
				CLANG_ENABLE_MODULES = YES;
				DEFINES_MODULE = YES;
				DYLIB_COMPATIBILITY_VERSION = 1;
				DYLIB_CURRENT_VERSION = 1;
				DYLIB_INSTALL_NAME_BASE = "@rpath";
				FRAMEWORK_SEARCH_PATHS = (
					"$(inherited)",
					"$(PROJECT_DIR)/Carthage/Build/iOS",
					"$(PROJECT_DIR)/Carthage/Checkouts/SQLite.swift/Carthage/Build/iOS",
					"$(PROJECT_DIR)/Carthage/Checkouts/SQLite.swift/Carthage/Build/Mac",
					"$(PROJECT_DIR)/Carthage/Checkouts/SQLite.swift/Carthage/Build/tvOS",
				);
				INFOPLIST_FILE = AllKanjiBezierPath/Info.plist;
				INSTALL_PATH = "$(LOCAL_LIBRARY_DIR)/Frameworks";
				IPHONEOS_DEPLOYMENT_TARGET = 8.0;
				LD_RUNPATH_SEARCH_PATHS = "$(inherited) @executable_path/Frameworks @loader_path/Frameworks";
				PRODUCT_BUNDLE_IDENTIFIER = com.haawa.AllKanjiBezierPath;
				PRODUCT_MODULE_NAME = AllKanjiBezierPath;
				PRODUCT_NAME = "$(TARGET_NAME)";
				SKIP_INSTALL = YES;
			};
			name = Release;
		};
		4334AA971CB1B36B007F96D1 /* Debug */ = {
			isa = XCBuildConfiguration;
			buildSettings = {
				INFOPLIST_FILE = AllKanjiBezierPathTests/Info.plist;
				LD_RUNPATH_SEARCH_PATHS = "$(inherited) @executable_path/Frameworks @loader_path/Frameworks";
				PRODUCT_BUNDLE_IDENTIFIER = com.haawa.AllKanjiBezierPathTests;
				PRODUCT_NAME = "$(TARGET_NAME)";
			};
			name = Debug;
		};
		4334AA981CB1B36B007F96D1 /* Release */ = {
			isa = XCBuildConfiguration;
			buildSettings = {
				INFOPLIST_FILE = AllKanjiBezierPathTests/Info.plist;
				LD_RUNPATH_SEARCH_PATHS = "$(inherited) @executable_path/Frameworks @loader_path/Frameworks";
				PRODUCT_BUNDLE_IDENTIFIER = com.haawa.AllKanjiBezierPathTests;
				PRODUCT_NAME = "$(TARGET_NAME)";
			};
			name = Release;
		};
		4334AB341CB1BF35007F96D1 /* Debug */ = {
			isa = XCBuildConfiguration;
			buildSettings = {
				CODE_SIGN_IDENTITY = "-";
				COMBINE_HIDPI_IMAGES = YES;
				DEFINES_MODULE = YES;
				DYLIB_COMPATIBILITY_VERSION = 1;
				DYLIB_CURRENT_VERSION = 1;
				DYLIB_INSTALL_NAME_BASE = "@rpath";
				FRAMEWORK_SEARCH_PATHS = (
					"$(inherited)",
					"$(PROJECT_DIR)/Carthage/Build/Mac",
				);
				FRAMEWORK_VERSION = A;
				INFOPLIST_FILE = "AllKanjiBezierPath-OSX/Info.plist";
				INSTALL_PATH = "$(LOCAL_LIBRARY_DIR)/Frameworks";
				LD_RUNPATH_SEARCH_PATHS = "$(inherited) @executable_path/../Frameworks @loader_path/Frameworks";
				MACOSX_DEPLOYMENT_TARGET = 10.9;
				PRODUCT_BUNDLE_IDENTIFIER = "com.haawa.AllKanjiBezierPath-OSX";
				PRODUCT_MODULE_NAME = AllKanjiBezierPath;
				PRODUCT_NAME = AllKanjiBezierPath;
				SDKROOT = macosx;
				SKIP_INSTALL = YES;
			};
			name = Debug;
		};
		4334AB351CB1BF35007F96D1 /* Release */ = {
			isa = XCBuildConfiguration;
			buildSettings = {
				CODE_SIGN_IDENTITY = "-";
				COMBINE_HIDPI_IMAGES = YES;
				DEFINES_MODULE = YES;
				DYLIB_COMPATIBILITY_VERSION = 1;
				DYLIB_CURRENT_VERSION = 1;
				DYLIB_INSTALL_NAME_BASE = "@rpath";
				FRAMEWORK_SEARCH_PATHS = (
					"$(inherited)",
					"$(PROJECT_DIR)/Carthage/Build/Mac",
				);
				FRAMEWORK_VERSION = A;
				INFOPLIST_FILE = "AllKanjiBezierPath-OSX/Info.plist";
				INSTALL_PATH = "$(LOCAL_LIBRARY_DIR)/Frameworks";
				LD_RUNPATH_SEARCH_PATHS = "$(inherited) @executable_path/../Frameworks @loader_path/Frameworks";
				MACOSX_DEPLOYMENT_TARGET = 10.9;
				PRODUCT_BUNDLE_IDENTIFIER = "com.haawa.AllKanjiBezierPath-OSX";
				PRODUCT_MODULE_NAME = AllKanjiBezierPath;
				PRODUCT_NAME = AllKanjiBezierPath;
				SDKROOT = macosx;
				SKIP_INSTALL = YES;
			};
			name = Release;
		};
		4334AB371CB1BF35007F96D1 /* Debug */ = {
			isa = XCBuildConfiguration;
			buildSettings = {
				CODE_SIGN_IDENTITY = "-";
				COMBINE_HIDPI_IMAGES = YES;
				INFOPLIST_FILE = "AllKanjiBezierPath-OSXTests/Info.plist";
				LD_RUNPATH_SEARCH_PATHS = "$(inherited) @executable_path/../Frameworks @loader_path/../Frameworks";
				MACOSX_DEPLOYMENT_TARGET = 10.11;
				PRODUCT_BUNDLE_IDENTIFIER = "com.haawa.AllKanjiBezierPath-OSXTests";
				PRODUCT_NAME = "$(TARGET_NAME)";
				SDKROOT = macosx;
			};
			name = Debug;
		};
		4334AB381CB1BF35007F96D1 /* Release */ = {
			isa = XCBuildConfiguration;
			buildSettings = {
				CODE_SIGN_IDENTITY = "-";
				COMBINE_HIDPI_IMAGES = YES;
				INFOPLIST_FILE = "AllKanjiBezierPath-OSXTests/Info.plist";
				LD_RUNPATH_SEARCH_PATHS = "$(inherited) @executable_path/../Frameworks @loader_path/../Frameworks";
				MACOSX_DEPLOYMENT_TARGET = 10.11;
				PRODUCT_BUNDLE_IDENTIFIER = "com.haawa.AllKanjiBezierPath-OSXTests";
				PRODUCT_NAME = "$(TARGET_NAME)";
				SDKROOT = macosx;
			};
			name = Release;
		};
		4334AB751CB23D66007F96D1 /* Debug */ = {
			isa = XCBuildConfiguration;
			buildSettings = {
				DEFINES_MODULE = YES;
				DYLIB_COMPATIBILITY_VERSION = 1;
				DYLIB_CURRENT_VERSION = 1;
				DYLIB_INSTALL_NAME_BASE = "@rpath";
				FRAMEWORK_SEARCH_PATHS = (
					"$(inherited)",
					"$(PROJECT_DIR)/Carthage/Build/tvOS",
				);
				INFOPLIST_FILE = "AllKanjiBezierPath-TVOS/Info.plist";
				INSTALL_PATH = "$(LOCAL_LIBRARY_DIR)/Frameworks";
				LD_RUNPATH_SEARCH_PATHS = "$(inherited) @executable_path/Frameworks @loader_path/Frameworks";
				PRODUCT_BUNDLE_IDENTIFIER = "com.haawa.AllKanjiBezierPath-TVOS";
				PRODUCT_NAME = AllKanjiBezierPath;
				SDKROOT = appletvos;
				SKIP_INSTALL = YES;
				TARGETED_DEVICE_FAMILY = 3;
				TVOS_DEPLOYMENT_TARGET = 9.2;
			};
			name = Debug;
		};
		4334AB761CB23D66007F96D1 /* Release */ = {
			isa = XCBuildConfiguration;
			buildSettings = {
				DEFINES_MODULE = YES;
				DYLIB_COMPATIBILITY_VERSION = 1;
				DYLIB_CURRENT_VERSION = 1;
				DYLIB_INSTALL_NAME_BASE = "@rpath";
				FRAMEWORK_SEARCH_PATHS = (
					"$(inherited)",
					"$(PROJECT_DIR)/Carthage/Build/tvOS",
				);
				INFOPLIST_FILE = "AllKanjiBezierPath-TVOS/Info.plist";
				INSTALL_PATH = "$(LOCAL_LIBRARY_DIR)/Frameworks";
				LD_RUNPATH_SEARCH_PATHS = "$(inherited) @executable_path/Frameworks @loader_path/Frameworks";
				PRODUCT_BUNDLE_IDENTIFIER = "com.haawa.AllKanjiBezierPath-TVOS";
				PRODUCT_NAME = AllKanjiBezierPath;
				SDKROOT = appletvos;
				SKIP_INSTALL = YES;
				TARGETED_DEVICE_FAMILY = 3;
				TVOS_DEPLOYMENT_TARGET = 9.2;
			};
			name = Release;
		};
		4334AB781CB23D66007F96D1 /* Debug */ = {
			isa = XCBuildConfiguration;
			buildSettings = {
				INFOPLIST_FILE = "AllKanjiBezierPath-TVOSTests/Info.plist";
				LD_RUNPATH_SEARCH_PATHS = "$(inherited) @executable_path/Frameworks @loader_path/Frameworks";
				PRODUCT_BUNDLE_IDENTIFIER = "com.haawa.AllKanjiBezierPath-TVOSTests";
				PRODUCT_NAME = "$(TARGET_NAME)";
				SDKROOT = appletvos;
				TVOS_DEPLOYMENT_TARGET = 9.2;
			};
			name = Debug;
		};
		4334AB791CB23D66007F96D1 /* Release */ = {
			isa = XCBuildConfiguration;
			buildSettings = {
				INFOPLIST_FILE = "AllKanjiBezierPath-TVOSTests/Info.plist";
				LD_RUNPATH_SEARCH_PATHS = "$(inherited) @executable_path/Frameworks @loader_path/Frameworks";
				PRODUCT_BUNDLE_IDENTIFIER = "com.haawa.AllKanjiBezierPath-TVOSTests";
				PRODUCT_NAME = "$(TARGET_NAME)";
				SDKROOT = appletvos;
				TVOS_DEPLOYMENT_TARGET = 9.2;
			};
			name = Release;
		};
/* End XCBuildConfiguration section */

/* Begin XCConfigurationList section */
		4334AA791CB1B36A007F96D1 /* Build configuration list for PBXProject "AllKanjiBezierPath" */ = {
			isa = XCConfigurationList;
			buildConfigurations = (
				4334AA911CB1B36B007F96D1 /* Debug */,
				4334AA921CB1B36B007F96D1 /* Release */,
			);
			defaultConfigurationIsVisible = 0;
			defaultConfigurationName = Release;
		};
		4334AA931CB1B36B007F96D1 /* Build configuration list for PBXNativeTarget "AllKanjiBezierPath" */ = {
			isa = XCConfigurationList;
			buildConfigurations = (
				4334AA941CB1B36B007F96D1 /* Debug */,
				4334AA951CB1B36B007F96D1 /* Release */,
			);
			defaultConfigurationIsVisible = 0;
			defaultConfigurationName = Release;
		};
		4334AA961CB1B36B007F96D1 /* Build configuration list for PBXNativeTarget "AllKanjiBezierPathTests" */ = {
			isa = XCConfigurationList;
			buildConfigurations = (
				4334AA971CB1B36B007F96D1 /* Debug */,
				4334AA981CB1B36B007F96D1 /* Release */,
			);
			defaultConfigurationIsVisible = 0;
			defaultConfigurationName = Release;
		};
		4334AB331CB1BF35007F96D1 /* Build configuration list for PBXNativeTarget "AllKanjiBezierPath-OSX" */ = {
			isa = XCConfigurationList;
			buildConfigurations = (
				4334AB341CB1BF35007F96D1 /* Debug */,
				4334AB351CB1BF35007F96D1 /* Release */,
			);
			defaultConfigurationIsVisible = 0;
			defaultConfigurationName = Release;
		};
		4334AB361CB1BF35007F96D1 /* Build configuration list for PBXNativeTarget "AllKanjiBezierPath-OSXTests" */ = {
			isa = XCConfigurationList;
			buildConfigurations = (
				4334AB371CB1BF35007F96D1 /* Debug */,
				4334AB381CB1BF35007F96D1 /* Release */,
			);
			defaultConfigurationIsVisible = 0;
			defaultConfigurationName = Release;
		};
		4334AB741CB23D66007F96D1 /* Build configuration list for PBXNativeTarget "AllKanjiBezierPath-TVOS" */ = {
			isa = XCConfigurationList;
			buildConfigurations = (
				4334AB751CB23D66007F96D1 /* Debug */,
				4334AB761CB23D66007F96D1 /* Release */,
			);
			defaultConfigurationIsVisible = 0;
			defaultConfigurationName = Release;
		};
		4334AB771CB23D66007F96D1 /* Build configuration list for PBXNativeTarget "AllKanjiBezierPath-TVOSTests" */ = {
			isa = XCConfigurationList;
			buildConfigurations = (
				4334AB781CB23D66007F96D1 /* Debug */,
				4334AB791CB23D66007F96D1 /* Release */,
			);
			defaultConfigurationIsVisible = 0;
			defaultConfigurationName = Release;
		};
/* End XCConfigurationList section */
	};
	rootObject = 4334AA761CB1B36A007F96D1 /* Project object */;
}
